// !$*UTF8*$!
{
	archiveVersion = 1;
	classes = {
	};
	objectVersion = 50;
	objects = {

/* Begin PBXBuildFile section */
		17EC085E22093F8800E9B4DB /* AppDelegate.swift in Sources */ = {isa = PBXBuildFile; fileRef = 17EC085D22093F8800E9B4DB /* AppDelegate.swift */; };
		17EC086022093F8800E9B4DB /* ViewController.swift in Sources */ = {isa = PBXBuildFile; fileRef = 17EC085F22093F8800E9B4DB /* ViewController.swift */; };
		17EC086322093F8800E9B4DB /* Main.storyboard in Resources */ = {isa = PBXBuildFile; fileRef = 17EC086122093F8800E9B4DB /* Main.storyboard */; };
		17EC086522093F8900E9B4DB /* Assets.xcassets in Resources */ = {isa = PBXBuildFile; fileRef = 17EC086422093F8900E9B4DB /* Assets.xcassets */; };
		17EC086822093F8900E9B4DB /* LaunchScreen.storyboard in Resources */ = {isa = PBXBuildFile; fileRef = 17EC086622093F8900E9B4DB /* LaunchScreen.storyboard */; };
		17EC087322093F8900E9B4DB /* TumblryTests.swift in Sources */ = {isa = PBXBuildFile; fileRef = 17EC087222093F8900E9B4DB /* TumblryTests.swift */; };
		17EC087E22093F8900E9B4DB /* TumblryUITests.swift in Sources */ = {isa = PBXBuildFile; fileRef = 17EC087D22093F8900E9B4DB /* TumblryUITests.swift */; };
/* End PBXBuildFile section */

/* Begin PBXContainerItemProxy section */
		17EC086F22093F8900E9B4DB /* PBXContainerItemProxy */ = {
			isa = PBXContainerItemProxy;
			containerPortal = 17EC085222093F8700E9B4DB /* Project object */;
			proxyType = 1;
			remoteGlobalIDString = 17EC085922093F8800E9B4DB;
			remoteInfo = Tumblry;
		};
		17EC087A22093F8900E9B4DB /* PBXContainerItemProxy */ = {
			isa = PBXContainerItemProxy;
			containerPortal = 17EC085222093F8700E9B4DB /* Project object */;
			proxyType = 1;
			remoteGlobalIDString = 17EC085922093F8800E9B4DB;
			remoteInfo = Tumblry;
		};
/* End PBXContainerItemProxy section */

/* Begin PBXFileReference section */
		17EC085A22093F8800E9B4DB /* Tumblry.app */ = {isa = PBXFileReference; explicitFileType = wrapper.application; includeInIndex = 0; path = Tumblry.app; sourceTree = BUILT_PRODUCTS_DIR; };
		17EC085D22093F8800E9B4DB /* AppDelegate.swift */ = {isa = PBXFileReference; lastKnownFileType = sourcecode.swift; path = AppDelegate.swift; sourceTree = "<group>"; };
		17EC085F22093F8800E9B4DB /* ViewController.swift */ = {isa = PBXFileReference; lastKnownFileType = sourcecode.swift; path = ViewController.swift; sourceTree = "<group>"; };
		17EC086222093F8800E9B4DB /* Base */ = {isa = PBXFileReference; lastKnownFileType = file.storyboard; name = Base; path = Base.lproj/Main.storyboard; sourceTree = "<group>"; };
		17EC086422093F8900E9B4DB /* Assets.xcassets */ = {isa = PBXFileReference; lastKnownFileType = folder.assetcatalog; path = Assets.xcassets; sourceTree = "<group>"; };
		17EC086722093F8900E9B4DB /* Base */ = {isa = PBXFileReference; lastKnownFileType = file.storyboard; name = Base; path = Base.lproj/LaunchScreen.storyboard; sourceTree = "<group>"; };
		17EC086922093F8900E9B4DB /* Info.plist */ = {isa = PBXFileReference; lastKnownFileType = text.plist.xml; path = Info.plist; sourceTree = "<group>"; };
		17EC086E22093F8900E9B4DB /* TumblryTests.xctest */ = {isa = PBXFileReference; explicitFileType = wrapper.cfbundle; includeInIndex = 0; path = TumblryTests.xctest; sourceTree = BUILT_PRODUCTS_DIR; };
		17EC087222093F8900E9B4DB /* TumblryTests.swift */ = {isa = PBXFileReference; lastKnownFileType = sourcecode.swift; path = TumblryTests.swift; sourceTree = "<group>"; };
		17EC087422093F8900E9B4DB /* Info.plist */ = {isa = PBXFileReference; lastKnownFileType = text.plist.xml; path = Info.plist; sourceTree = "<group>"; };
		17EC087922093F8900E9B4DB /* TumblryUITests.xctest */ = {isa = PBXFileReference; explicitFileType = wrapper.cfbundle; includeInIndex = 0; path = TumblryUITests.xctest; sourceTree = BUILT_PRODUCTS_DIR; };
		17EC087D22093F8900E9B4DB /* TumblryUITests.swift */ = {isa = PBXFileReference; lastKnownFileType = sourcecode.swift; path = TumblryUITests.swift; sourceTree = "<group>"; };
		17EC087F22093F8900E9B4DB /* Info.plist */ = {isa = PBXFileReference; lastKnownFileType = text.plist.xml; path = Info.plist; sourceTree = "<group>"; };
/* End PBXFileReference section */

/* Begin PBXFrameworksBuildPhase section */
		17EC085722093F8800E9B4DB /* Frameworks */ = {
			isa = PBXFrameworksBuildPhase;
			buildActionMask = 2147483647;
			files = (
			);
			runOnlyForDeploymentPostprocessing = 0;
		};
		17EC086B22093F8900E9B4DB /* Frameworks */ = {
			isa = PBXFrameworksBuildPhase;
			buildActionMask = 2147483647;
			files = (
			);
			runOnlyForDeploymentPostprocessing = 0;
		};
		17EC087622093F8900E9B4DB /* Frameworks */ = {
			isa = PBXFrameworksBuildPhase;
			buildActionMask = 2147483647;
			files = (
			);
			runOnlyForDeploymentPostprocessing = 0;
		};
/* End PBXFrameworksBuildPhase section */

/* Begin PBXGroup section */
		17EC085122093F8700E9B4DB = {
			isa = PBXGroup;
			children = (
				17EC085C22093F8800E9B4DB /* Tumblry */,
				17EC087122093F8900E9B4DB /* TumblryTests */,
				17EC087C22093F8900E9B4DB /* TumblryUITests */,
				17EC085B22093F8800E9B4DB /* Products */,
			);
			sourceTree = "<group>";
		};
		17EC085B22093F8800E9B4DB /* Products */ = {
			isa = PBXGroup;
			children = (
				17EC085A22093F8800E9B4DB /* Tumblry.app */,
				17EC086E22093F8900E9B4DB /* TumblryTests.xctest */,
				17EC087922093F8900E9B4DB /* TumblryUITests.xctest */,
			);
			name = Products;
			sourceTree = "<group>";
		};
		17EC085C22093F8800E9B4DB /* Tumblry */ = {
			isa = PBXGroup;
			children = (
				17EC085D22093F8800E9B4DB /* AppDelegate.swift */,
				17EC085F22093F8800E9B4DB /* ViewController.swift */,
				17EC086122093F8800E9B4DB /* Main.storyboard */,
				17EC086422093F8900E9B4DB /* Assets.xcassets */,
				17EC086622093F8900E9B4DB /* LaunchScreen.storyboard */,
				17EC086922093F8900E9B4DB /* Info.plist */,
			);
			path = Tumblry;
			sourceTree = "<group>";
		};
		17EC087122093F8900E9B4DB /* TumblryTests */ = {
			isa = PBXGroup;
			children = (
				17EC087222093F8900E9B4DB /* TumblryTests.swift */,
				17EC087422093F8900E9B4DB /* Info.plist */,
			);
			path = TumblryTests;
			sourceTree = "<group>";
		};
		17EC087C22093F8900E9B4DB /* TumblryUITests */ = {
			isa = PBXGroup;
			children = (
				17EC087D22093F8900E9B4DB /* TumblryUITests.swift */,
				17EC087F22093F8900E9B4DB /* Info.plist */,
			);
			path = TumblryUITests;
			sourceTree = "<group>";
		};
/* End PBXGroup section */

/* Begin PBXNativeTarget section */
		17EC085922093F8800E9B4DB /* Tumblry */ = {
			isa = PBXNativeTarget;
			buildConfigurationList = 17EC088222093F8900E9B4DB /* Build configuration list for PBXNativeTarget "Tumblry" */;
			buildPhases = (
				17EC085622093F8800E9B4DB /* Sources */,
				17EC085722093F8800E9B4DB /* Frameworks */,
				17EC085822093F8800E9B4DB /* Resources */,
			);
			buildRules = (
			);
			dependencies = (
			);
			name = Tumblry;
			productName = Tumblry;
			productReference = 17EC085A22093F8800E9B4DB /* Tumblry.app */;
			productType = "com.apple.product-type.application";
		};
		17EC086D22093F8900E9B4DB /* TumblryTests */ = {
			isa = PBXNativeTarget;
			buildConfigurationList = 17EC088522093F8900E9B4DB /* Build configuration list for PBXNativeTarget "TumblryTests" */;
			buildPhases = (
				17EC086A22093F8900E9B4DB /* Sources */,
				17EC086B22093F8900E9B4DB /* Frameworks */,
				17EC086C22093F8900E9B4DB /* Resources */,
			);
			buildRules = (
			);
			dependencies = (
				17EC087022093F8900E9B4DB /* PBXTargetDependency */,
			);
			name = TumblryTests;
			productName = TumblryTests;
			productReference = 17EC086E22093F8900E9B4DB /* TumblryTests.xctest */;
			productType = "com.apple.product-type.bundle.unit-test";
		};
		17EC087822093F8900E9B4DB /* TumblryUITests */ = {
			isa = PBXNativeTarget;
			buildConfigurationList = 17EC088822093F8900E9B4DB /* Build configuration list for PBXNativeTarget "TumblryUITests" */;
			buildPhases = (
				17EC087522093F8900E9B4DB /* Sources */,
				17EC087622093F8900E9B4DB /* Frameworks */,
				17EC087722093F8900E9B4DB /* Resources */,
			);
			buildRules = (
			);
			dependencies = (
				17EC087B22093F8900E9B4DB /* PBXTargetDependency */,
			);
			name = TumblryUITests;
			productName = TumblryUITests;
			productReference = 17EC087922093F8900E9B4DB /* TumblryUITests.xctest */;
			productType = "com.apple.product-type.bundle.ui-testing";
		};
/* End PBXNativeTarget section */

/* Begin PBXProject section */
		17EC085222093F8700E9B4DB /* Project object */ = {
			isa = PBXProject;
			attributes = {
				LastSwiftUpdateCheck = 1010;
				LastUpgradeCheck = 1010;
				ORGANIZATIONNAME = "Jo Ey";
				TargetAttributes = {
					17EC085922093F8800E9B4DB = {
						CreatedOnToolsVersion = 10.1;
					};
					17EC086D22093F8900E9B4DB = {
						CreatedOnToolsVersion = 10.1;
						TestTargetID = 17EC085922093F8800E9B4DB;
					};
					17EC087822093F8900E9B4DB = {
						CreatedOnToolsVersion = 10.1;
						TestTargetID = 17EC085922093F8800E9B4DB;
					};
				};
			};
			buildConfigurationList = 17EC085522093F8700E9B4DB /* Build configuration list for PBXProject "Tumblry" */;
			compatibilityVersion = "Xcode 9.3";
			developmentRegion = en;
			hasScannedForEncodings = 0;
			knownRegions = (
				en,
				Base,
			);
			mainGroup = 17EC085122093F8700E9B4DB;
			productRefGroup = 17EC085B22093F8800E9B4DB /* Products */;
			projectDirPath = "";
			projectRoot = "";
			targets = (
				17EC085922093F8800E9B4DB /* Tumblry */,
				17EC086D22093F8900E9B4DB /* TumblryTests */,
				17EC087822093F8900E9B4DB /* TumblryUITests */,
			);
		};
/* End PBXProject section */

/* Begin PBXResourcesBuildPhase section */
		17EC085822093F8800E9B4DB /* Resources */ = {
			isa = PBXResourcesBuildPhase;
			buildActionMask = 2147483647;
			files = (
				17EC086822093F8900E9B4DB /* LaunchScreen.storyboard in Resources */,
				17EC086522093F8900E9B4DB /* Assets.xcassets in Resources */,
				17EC086322093F8800E9B4DB /* Main.storyboard in Resources */,
			);
			runOnlyForDeploymentPostprocessing = 0;
		};
		17EC086C22093F8900E9B4DB /* Resources */ = {
			isa = PBXResourcesBuildPhase;
			buildActionMask = 2147483647;
			files = (
			);
			runOnlyForDeploymentPostprocessing = 0;
		};
		17EC087722093F8900E9B4DB /* Resources */ = {
			isa = PBXResourcesBuildPhase;
			buildActionMask = 2147483647;
			files = (
			);
			runOnlyForDeploymentPostprocessing = 0;
		};
/* End PBXResourcesBuildPhase section */

/* Begin PBXSourcesBuildPhase section */
		17EC085622093F8800E9B4DB /* Sources */ = {
			isa = PBXSourcesBuildPhase;
			buildActionMask = 2147483647;
			files = (
				17EC086022093F8800E9B4DB /* ViewController.swift in Sources */,
				17EC085E22093F8800E9B4DB /* AppDelegate.swift in Sources */,
			);
			runOnlyForDeploymentPostprocessing = 0;
		};
		17EC086A22093F8900E9B4DB /* Sources */ = {
			isa = PBXSourcesBuildPhase;
			buildActionMask = 2147483647;
			files = (
				17EC087322093F8900E9B4DB /* TumblryTests.swift in Sources */,
			);
			runOnlyForDeploymentPostprocessing = 0;
		};
		17EC087522093F8900E9B4DB /* Sources */ = {
			isa = PBXSourcesBuildPhase;
			buildActionMask = 2147483647;
			files = (
				17EC087E22093F8900E9B4DB /* TumblryUITests.swift in Sources */,
			);
			runOnlyForDeploymentPostprocessing = 0;
		};
/* End PBXSourcesBuildPhase section */

/* Begin PBXTargetDependency section */
		17EC087022093F8900E9B4DB /* PBXTargetDependency */ = {
			isa = PBXTargetDependency;
			target = 17EC085922093F8800E9B4DB /* Tumblry */;
			targetProxy = 17EC086F22093F8900E9B4DB /* PBXContainerItemProxy */;
		};
		17EC087B22093F8900E9B4DB /* PBXTargetDependency */ = {
			isa = PBXTargetDependency;
			target = 17EC085922093F8800E9B4DB /* Tumblry */;
			targetProxy = 17EC087A22093F8900E9B4DB /* PBXContainerItemProxy */;
		};
/* End PBXTargetDependency section */

/* Begin PBXVariantGroup section */
		17EC086122093F8800E9B4DB /* Main.storyboard */ = {
			isa = PBXVariantGroup;
			children = (
				17EC086222093F8800E9B4DB /* Base */,
			);
			name = Main.storyboard;
			sourceTree = "<group>";
		};
		17EC086622093F8900E9B4DB /* LaunchScreen.storyboard */ = {
			isa = PBXVariantGroup;
			children = (
				17EC086722093F8900E9B4DB /* Base */,
			);
			name = LaunchScreen.storyboard;
			sourceTree = "<group>";
		};
/* End PBXVariantGroup section */

/* Begin XCBuildConfiguration section */
		17EC088022093F8900E9B4DB /* Debug */ = {
			isa = XCBuildConfiguration;
			buildSettings = {
				ALWAYS_SEARCH_USER_PATHS = NO;
				CLANG_ANALYZER_NONNULL = YES;
				CLANG_ANALYZER_NUMBER_OBJECT_CONVERSION = YES_AGGRESSIVE;
				CLANG_CXX_LANGUAGE_STANDARD = "gnu++14";
				CLANG_CXX_LIBRARY = "libc++";
				CLANG_ENABLE_MODULES = YES;
				CLANG_ENABLE_OBJC_ARC = YES;
				CLANG_ENABLE_OBJC_WEAK = YES;
				CLANG_WARN_BLOCK_CAPTURE_AUTORELEASING = YES;
				CLANG_WARN_BOOL_CONVERSION = YES;
				CLANG_WARN_COMMA = YES;
				CLANG_WARN_CONSTANT_CONVERSION = YES;
				CLANG_WARN_DEPRECATED_OBJC_IMPLEMENTATIONS = YES;
				CLANG_WARN_DIRECT_OBJC_ISA_USAGE = YES_ERROR;
				CLANG_WARN_DOCUMENTATION_COMMENTS = YES;
				CLANG_WARN_EMPTY_BODY = YES;
				CLANG_WARN_ENUM_CONVERSION = YES;
				CLANG_WARN_INFINITE_RECURSION = YES;
				CLANG_WARN_INT_CONVERSION = YES;
				CLANG_WARN_NON_LITERAL_NULL_CONVERSION = YES;
				CLANG_WARN_OBJC_IMPLICIT_RETAIN_SELF = YES;
				CLANG_WARN_OBJC_LITERAL_CONVERSION = YES;
				CLANG_WARN_OBJC_ROOT_CLASS = YES_ERROR;
				CLANG_WARN_RANGE_LOOP_ANALYSIS = YES;
				CLANG_WARN_STRICT_PROTOTYPES = YES;
				CLANG_WARN_SUSPICIOUS_MOVE = YES;
				CLANG_WARN_UNGUARDED_AVAILABILITY = YES_AGGRESSIVE;
				CLANG_WARN_UNREACHABLE_CODE = YES;
				CLANG_WARN__DUPLICATE_METHOD_MATCH = YES;
				CODE_SIGN_IDENTITY = "iPhone Developer";
				COPY_PHASE_STRIP = NO;
				DEBUG_INFORMATION_FORMAT = dwarf;
				ENABLE_STRICT_OBJC_MSGSEND = YES;
				ENABLE_TESTABILITY = YES;
				GCC_C_LANGUAGE_STANDARD = gnu11;
				GCC_DYNAMIC_NO_PIC = NO;
				GCC_NO_COMMON_BLOCKS = YES;
				GCC_OPTIMIZATION_LEVEL = 0;
				GCC_PREPROCESSOR_DEFINITIONS = (
					"DEBUG=1",
					"$(inherited)",
				);
				GCC_WARN_64_TO_32_BIT_CONVERSION = YES;
				GCC_WARN_ABOUT_RETURN_TYPE = YES_ERROR;
				GCC_WARN_UNDECLARED_SELECTOR = YES;
				GCC_WARN_UNINITIALIZED_AUTOS = YES_AGGRESSIVE;
				GCC_WARN_UNUSED_FUNCTION = YES;
				GCC_WARN_UNUSED_VARIABLE = YES;
				IPHONEOS_DEPLOYMENT_TARGET = 12.1;
				MTL_ENABLE_DEBUG_INFO = INCLUDE_SOURCE;
				MTL_FAST_MATH = YES;
				ONLY_ACTIVE_ARCH = YES;
				SDKROOT = iphoneos;
				SWIFT_ACTIVE_COMPILATION_CONDITIONS = DEBUG;
				SWIFT_OPTIMIZATION_LEVEL = "-Onone";
			};
			name = Debug;
		};
		17EC088122093F8900E9B4DB /* Release */ = {
			isa = XCBuildConfiguration;
			buildSettings = {
				ALWAYS_SEARCH_USER_PATHS = NO;
				CLANG_ANALYZER_NONNULL = YES;
				CLANG_ANALYZER_NUMBER_OBJECT_CONVERSION = YES_AGGRESSIVE;
				CLANG_CXX_LANGUAGE_STANDARD = "gnu++14";
				CLANG_CXX_LIBRARY = "libc++";
				CLANG_ENABLE_MODULES = YES;
				CLANG_ENABLE_OBJC_ARC = YES;
				CLANG_ENABLE_OBJC_WEAK = YES;
				CLANG_WARN_BLOCK_CAPTURE_AUTORELEASING = YES;
				CLANG_WARN_BOOL_CONVERSION = YES;
				CLANG_WARN_COMMA = YES;
				CLANG_WARN_CONSTANT_CONVERSION = YES;
				CLANG_WARN_DEPRECATED_OBJC_IMPLEMENTATIONS = YES;
				CLANG_WARN_DIRECT_OBJC_ISA_USAGE = YES_ERROR;
				CLANG_WARN_DOCUMENTATION_COMMENTS = YES;
				CLANG_WARN_EMPTY_BODY = YES;
				CLANG_WARN_ENUM_CONVERSION = YES;
				CLANG_WARN_INFINITE_RECURSION = YES;
				CLANG_WARN_INT_CONVERSION = YES;
				CLANG_WARN_NON_LITERAL_NULL_CONVERSION = YES;
				CLANG_WARN_OBJC_IMPLICIT_RETAIN_SELF = YES;
				CLANG_WARN_OBJC_LITERAL_CONVERSION = YES;
				CLANG_WARN_OBJC_ROOT_CLASS = YES_ERROR;
				CLANG_WARN_RANGE_LOOP_ANALYSIS = YES;
				CLANG_WARN_STRICT_PROTOTYPES = YES;
				CLANG_WARN_SUSPICIOUS_MOVE = YES;
				CLANG_WARN_UNGUARDED_AVAILABILITY = YES_AGGRESSIVE;
				CLANG_WARN_UNREACHABLE_CODE = YES;
				CLANG_WARN__DUPLICATE_METHOD_MATCH = YES;
				CODE_SIGN_IDENTITY = "iPhone Developer";
				COPY_PHASE_STRIP = NO;
				DEBUG_INFORMATION_FORMAT = "dwarf-with-dsym";
				ENABLE_NS_ASSERTIONS = NO;
				ENABLE_STRICT_OBJC_MSGSEND = YES;
				GCC_C_LANGUAGE_STANDARD = gnu11;
				GCC_NO_COMMON_BLOCKS = YES;
				GCC_WARN_64_TO_32_BIT_CONVERSION = YES;
				GCC_WARN_ABOUT_RETURN_TYPE = YES_ERROR;
				GCC_WARN_UNDECLARED_SELECTOR = YES;
				GCC_WARN_UNINITIALIZED_AUTOS = YES_AGGRESSIVE;
				GCC_WARN_UNUSED_FUNCTION = YES;
				GCC_WARN_UNUSED_VARIABLE = YES;
				IPHONEOS_DEPLOYMENT_TARGET = 12.1;
				MTL_ENABLE_DEBUG_INFO = NO;
				MTL_FAST_MATH = YES;
				SDKROOT = iphoneos;
				SWIFT_COMPILATION_MODE = wholemodule;
				SWIFT_OPTIMIZATION_LEVEL = "-O";
				VALIDATE_PRODUCT = YES;
			};
			name = Release;
		};
		17EC088322093F8900E9B4DB /* Debug */ = {
			isa = XCBuildConfiguration;
			buildSettings = {
				ASSETCATALOG_COMPILER_APPICON_NAME = AppIcon;
				CODE_SIGN_STYLE = Automatic;
				INFOPLIST_FILE = Tumblry/Info.plist;
				LD_RUNPATH_SEARCH_PATHS = (
					"$(inherited)",
					"@executable_path/Frameworks",
				);
				PRODUCT_BUNDLE_IDENTIFIER = joey.Tumblry;
				PRODUCT_NAME = "$(TARGET_NAME)";
				SWIFT_VERSION = 4.2;
				TARGETED_DEVICE_FAMILY = "1,2";
			};
			name = Debug;
		};
		17EC088422093F8900E9B4DB /* Release */ = {
			isa = XCBuildConfiguration;
			buildSettings = {
				ASSETCATALOG_COMPILER_APPICON_NAME = AppIcon;
				CODE_SIGN_STYLE = Automatic;
				INFOPLIST_FILE = Tumblry/Info.plist;
				LD_RUNPATH_SEARCH_PATHS = (
					"$(inherited)",
					"@executable_path/Frameworks",
				);
				PRODUCT_BUNDLE_IDENTIFIER = joey.Tumblry;
				PRODUCT_NAME = "$(TARGET_NAME)";
				SWIFT_VERSION = 4.2;
				TARGETED_DEVICE_FAMILY = "1,2";
			};
			name = Release;
		};
		17EC088622093F8900E9B4DB /* Debug */ = {
			isa = XCBuildConfiguration;
			buildSettings = {
				ALWAYS_EMBED_SWIFT_STANDARD_LIBRARIES = YES;
				BUNDLE_LOADER = "$(TEST_HOST)";
				CODE_SIGN_STYLE = Automatic;
				INFOPLIST_FILE = TumblryTests/Info.plist;
				LD_RUNPATH_SEARCH_PATHS = (
					"$(inherited)",
					"@executable_path/Frameworks",
					"@loader_path/Frameworks",
				);
				PRODUCT_BUNDLE_IDENTIFIER = joey.TumblryTests;
				PRODUCT_NAME = "$(TARGET_NAME)";
				SWIFT_VERSION = 4.2;
				TARGETED_DEVICE_FAMILY = "1,2";
				TEST_HOST = "$(BUILT_PRODUCTS_DIR)/Tumblry.app/Tumblry";
			};
			name = Debug;
		};
		17EC088722093F8900E9B4DB /* Release */ = {
			isa = XCBuildConfiguration;
			buildSettings = {
				ALWAYS_EMBED_SWIFT_STANDARD_LIBRARIES = YES;
				BUNDLE_LOADER = "$(TEST_HOST)";
				CODE_SIGN_STYLE = Automatic;
				INFOPLIST_FILE = TumblryTests/Info.plist;
				LD_RUNPATH_SEARCH_PATHS = (
					"$(inherited)",
					"@executable_path/Frameworks",
					"@loader_path/Frameworks",
				);
				PRODUCT_BUNDLE_IDENTIFIER = joey.TumblryTests;
				PRODUCT_NAME = "$(TARGET_NAME)";
				SWIFT_VERSION = 4.2;
				TARGETED_DEVICE_FAMILY = "1,2";
				TEST_HOST = "$(BUILT_PRODUCTS_DIR)/Tumblry.app/Tumblry";
			};
			name = Release;
		};
		17EC088922093F8900E9B4DB /* Debug */ = {
			isa = XCBuildConfiguration;
			buildSettings = {
				ALWAYS_EMBED_SWIFT_STANDARD_LIBRARIES = YES;
				CODE_SIGN_STYLE = Automatic;
				INFOPLIST_FILE = TumblryUITests/Info.plist;
				LD_RUNPATH_SEARCH_PATHS = (
					"$(inherited)",
					"@executable_path/Frameworks",
					"@loader_path/Frameworks",
				);
				PRODUCT_BUNDLE_IDENTIFIER = joey.TumblryUITests;
				PRODUCT_NAME = "$(TARGET_NAME)";
				SWIFT_VERSION = 4.2;
				TARGETED_DEVICE_FAMILY = "1,2";
				TEST_TARGET_NAME = Tumblry;
			};
			name = Debug;
		};
		17EC088A22093F8900E9B4DB /* Release */ = {
			isa = XCBuildConfiguration;
			buildSettings = {
				ALWAYS_EMBED_SWIFT_STANDARD_LIBRARIES = YES;
				CODE_SIGN_STYLE = Automatic;
				INFOPLIST_FILE = TumblryUITests/Info.plist;
				LD_RUNPATH_SEARCH_PATHS = (
					"$(inherited)",
					"@executable_path/Frameworks",
					"@loader_path/Frameworks",
				);
				PRODUCT_BUNDLE_IDENTIFIER = joey.TumblryUITests;
				PRODUCT_NAME = "$(TARGET_NAME)";
				SWIFT_VERSION = 4.2;
				TARGETED_DEVICE_FAMILY = "1,2";
				TEST_TARGET_NAME = Tumblry;
			};
			name = Release;
		};
/* End XCBuildConfiguration section */

/* Begin XCConfigurationList section */
		17EC085522093F8700E9B4DB /* Build configuration list for PBXProject "Tumblry" */ = {
			isa = XCConfigurationList;
			buildConfigurations = (
				17EC088022093F8900E9B4DB /* Debug */,
				17EC088122093F8900E9B4DB /* Release */,
			);
			defaultConfigurationIsVisible = 0;
			defaultConfigurationName = Release;
		};
		17EC088222093F8900E9B4DB /* Build configuration list for PBXNativeTarget "Tumblry" */ = {
			isa = XCConfigurationList;
			buildConfigurations = (
				17EC088322093F8900E9B4DB /* Debug */,
				17EC088422093F8900E9B4DB /* Release */,
			);
			defaultConfigurationIsVisible = 0;
			defaultConfigurationName = Release;
		};
		17EC088522093F8900E9B4DB /* Build configuration list for PBXNativeTarget "TumblryTests" */ = {
			isa = XCConfigurationList;
			buildConfigurations = (
				17EC088622093F8900E9B4DB /* Debug */,
				17EC088722093F8900E9B4DB /* Release */,
			);
			defaultConfigurationIsVisible = 0;
			defaultConfigurationName = Release;
		};
		17EC088822093F8900E9B4DB /* Build configuration list for PBXNativeTarget "TumblryUITests" */ = {
			isa = XCConfigurationList;
			buildConfigurations = (
				17EC088922093F8900E9B4DB /* Debug */,
				17EC088A22093F8900E9B4DB /* Release */,
			);
			defaultConfigurationIsVisible = 0;
			defaultConfigurationName = Release;
		};
/* End XCConfigurationList section */
	};
	rootObject = 17EC085222093F8700E9B4DB /* Project object */;
}
